
Microsoft Visual Studio Solution File, Format Version 12.00
# Visual Studio Version 16
VisualStudioVersion = 16.0.29102.190
MinimumVisualStudioVersion = 10.0.40219.1
Project("{FAE04EC0-301F-11D3-BF4B-00C04F79EFBC}") = "EmreOzyildirimBlog", "EmreOzyildirimBlog\EmreOzyildirimBlog.csproj", "{EF4690E7-EA1A-4DAA-9515-F66762D666CD}"
EndProject
Global
	GlobalSection(SolutionConfigurationPlatforms) = preSolution
		Debug|Any CPU = Debug|Any CPU
		Release|Any CPU = Release|Any CPU
	EndGlobalSection
	GlobalSection(ProjectConfigurationPlatforms) = postSolution
		{EF4690E7-EA1A-4DAA-9515-F66762D666CD}.Debug|Any CPU.ActiveCfg = Debug|Any CPU
		{EF4690E7-EA1A-4DAA-9515-F66762D666CD}.Debug|Any CPU.Build.0 = Debug|Any CPU
		{EF4690E7-EA1A-4DAA-9515-F66762D666CD}.Release|Any CPU.ActiveCfg = Release|Any CPU
		{EF4690E7-EA1A-4DAA-9515-F66762D666CD}.Release|Any CPU.Build.0 = Release|Any CPU
	EndGlobalSection
	GlobalSection(SolutionProperties) = preSolution
		HideSolutionNode = FALSE
	EndGlobalSection
	GlobalSection(ExtensibilityGlobals) = postSolution
		SolutionGuid = {BC783DBD-B692-4838-8384-8F99D00529C3}
	EndGlobalSection
EndGlobal
